
Microsoft Visual Studio Solution File, Format Version 12.00
# Visual Studio 15
VisualStudioVersion = 15.0.28307.572
MinimumVisualStudioVersion = 10.0.40219.1
Project("{9A19103F-16F7-4668-BE54-9A1E7A4F7556}") = "lce.mis.api.Factories", "lce.mis.api.Factories\lce.mis.api.Factories.csproj", "{8BCC8824-2BF1-4571-AF45-EACB617C71D1}"
EndProject
Project("{9A19103F-16F7-4668-BE54-9A1E7A4F7556}") = "lce.mis.api.Entities", "lce.mis.api.Entities\lce.mis.api.Entities.csproj", "{323600F6-734D-47AE-BC75-2999D3DE096C}"
EndProject
Project("{9A19103F-16F7-4668-BE54-9A1E7A4F7556}") = "lce.mis.api.IRepositories", "lce.mis.api.IRepositories\lce.mis.api.IRepositories.csproj", "{228ABF15-64C6-4F12-B77D-B5C600C34FEA}"
EndProject
Project("{9A19103F-16F7-4668-BE54-9A1E7A4F7556}") = "lce.mis.api.Repositories", "lce.mis.api.Repositories\lce.mis.api.Repositories.csproj", "{2F2E53EF-A9F3-478D-996C-E3047AFA38DF}"
EndProject
Project("{9A19103F-16F7-4668-BE54-9A1E7A4F7556}") = "lce.mis.api.IServices", "lce.mis.api.IServices\lce.mis.api.IServices.csproj", "{2BD52C2C-3FAA-4881-BA49-1467E7466CBC}"
EndProject
Project("{9A19103F-16F7-4668-BE54-9A1E7A4F7556}") = "lce.mis.api.Services", "lce.mis.api.Services\lce.mis.api.Services.csproj", "{2B48C9A9-DE4E-4007-8567-014A4B2F92D1}"
EndProject
Project("{9A19103F-16F7-4668-BE54-9A1E7A4F7556}") = "lce.mis.api.Provider", "lce.mis.Provider\lce.mis.api.Provider.csproj", "{CF71DE43-C9E4-436C-9FA2-88821584EB7C}"
EndProject
Project("{9A19103F-16F7-4668-BE54-9A1E7A4F7556}") = "lce.mis.api.ViewEntities", "lce.mis.ViewEntities\lce.mis.api.ViewEntities.csproj", "{C4619545-5D24-4240-A763-2B9BDD6D4764}"
EndProject
Project("{9A19103F-16F7-4668-BE54-9A1E7A4F7556}") = "lce.mis.api", "lce.mis.api\lce.mis.api.csproj", "{B75557F3-8927-4995-A65C-F9D5DE59F39D}"
EndProject
Global
	GlobalSection(SolutionConfigurationPlatforms) = preSolution
		Debug|Any CPU = Debug|Any CPU
		Release|Any CPU = Release|Any CPU
	EndGlobalSection
	GlobalSection(ProjectConfigurationPlatforms) = postSolution
		{8BCC8824-2BF1-4571-AF45-EACB617C71D1}.Debug|Any CPU.ActiveCfg = Debug|Any CPU
		{8BCC8824-2BF1-4571-AF45-EACB617C71D1}.Debug|Any CPU.Build.0 = Debug|Any CPU
		{8BCC8824-2BF1-4571-AF45-EACB617C71D1}.Release|Any CPU.ActiveCfg = Release|Any CPU
		{8BCC8824-2BF1-4571-AF45-EACB617C71D1}.Release|Any CPU.Build.0 = Release|Any CPU
		{323600F6-734D-47AE-BC75-2999D3DE096C}.Debug|Any CPU.ActiveCfg = Debug|Any CPU
		{323600F6-734D-47AE-BC75-2999D3DE096C}.Debug|Any CPU.Build.0 = Debug|Any CPU
		{323600F6-734D-47AE-BC75-2999D3DE096C}.Release|Any CPU.ActiveCfg = Release|Any CPU
		{323600F6-734D-47AE-BC75-2999D3DE096C}.Release|Any CPU.Build.0 = Release|Any CPU
		{228ABF15-64C6-4F12-B77D-B5C600C34FEA}.Debug|Any CPU.ActiveCfg = Debug|Any CPU
		{228ABF15-64C6-4F12-B77D-B5C600C34FEA}.Debug|Any CPU.Build.0 = Debug|Any CPU
		{228ABF15-64C6-4F12-B77D-B5C600C34FEA}.Release|Any CPU.ActiveCfg = Release|Any CPU
		{228ABF15-64C6-4F12-B77D-B5C600C34FEA}.Release|Any CPU.Build.0 = Release|Any CPU
		{2F2E53EF-A9F3-478D-996C-E3047AFA38DF}.Debug|Any CPU.ActiveCfg = Debug|Any CPU
		{2F2E53EF-A9F3-478D-996C-E3047AFA38DF}.Debug|Any CPU.Build.0 = Debug|Any CPU
		{2F2E53EF-A9F3-478D-996C-E3047AFA38DF}.Release|Any CPU.ActiveCfg = Release|Any CPU
		{2F2E53EF-A9F3-478D-996C-E3047AFA38DF}.Release|Any CPU.Build.0 = Release|Any CPU
		{2BD52C2C-3FAA-4881-BA49-1467E7466CBC}.Debug|Any CPU.ActiveCfg = Debug|Any CPU
		{2BD52C2C-3FAA-4881-BA49-1467E7466CBC}.Debug|Any CPU.Build.0 = Debug|Any CPU
		{2BD52C2C-3FAA-4881-BA49-1467E7466CBC}.Release|Any CPU.ActiveCfg = Release|Any CPU
		{2BD52C2C-3FAA-4881-BA49-1467E7466CBC}.Release|Any CPU.Build.0 = Release|Any CPU
		{2B48C9A9-DE4E-4007-8567-014A4B2F92D1}.Debug|Any CPU.ActiveCfg = Debug|Any CPU
		{2B48C9A9-DE4E-4007-8567-014A4B2F92D1}.Debug|Any CPU.Build.0 = Debug|Any CPU
		{2B48C9A9-DE4E-4007-8567-014A4B2F92D1}.Release|Any CPU.ActiveCfg = Release|Any CPU
		{2B48C9A9-DE4E-4007-8567-014A4B2F92D1}.Release|Any CPU.Build.0 = Release|Any CPU
		{CF71DE43-C9E4-436C-9FA2-88821584EB7C}.Debug|Any CPU.ActiveCfg = Debug|Any CPU
		{CF71DE43-C9E4-436C-9FA2-88821584EB7C}.Debug|Any CPU.Build.0 = Debug|Any CPU
		{CF71DE43-C9E4-436C-9FA2-88821584EB7C}.Release|Any CPU.ActiveCfg = Release|Any CPU
		{CF71DE43-C9E4-436C-9FA2-88821584EB7C}.Release|Any CPU.Build.0 = Release|Any CPU
		{C4619545-5D24-4240-A763-2B9BDD6D4764}.Debug|Any CPU.ActiveCfg = Debug|Any CPU
		{C4619545-5D24-4240-A763-2B9BDD6D4764}.Debug|Any CPU.Build.0 = Debug|Any CPU
		{C4619545-5D24-4240-A763-2B9BDD6D4764}.Release|Any CPU.ActiveCfg = Release|Any CPU
		{C4619545-5D24-4240-A763-2B9BDD6D4764}.Release|Any CPU.Build.0 = Release|Any CPU
		{B75557F3-8927-4995-A65C-F9D5DE59F39D}.Debug|Any CPU.ActiveCfg = Debug|Any CPU
		{B75557F3-8927-4995-A65C-F9D5DE59F39D}.Debug|Any CPU.Build.0 = Debug|Any CPU
		{B75557F3-8927-4995-A65C-F9D5DE59F39D}.Release|Any CPU.ActiveCfg = Release|Any CPU
		{B75557F3-8927-4995-A65C-F9D5DE59F39D}.Release|Any CPU.Build.0 = Release|Any CPU
	EndGlobalSection
	GlobalSection(SolutionProperties) = preSolution
		HideSolutionNode = FALSE
	EndGlobalSection
	GlobalSection(ExtensibilityGlobals) = postSolution
		SolutionGuid = {6C029F16-6D26-4CFC-90AB-AE07AE3BE10F}
	EndGlobalSection
EndGlobal
